
Microsoft Visual Studio Solution File, Format Version 12.00
# Visual Studio Version 16
VisualStudioVersion = 16.0.30717.126
MinimumVisualStudioVersion = 10.0.40219.1
Project("{FAE04EC0-301F-11D3-BF4B-00C04F79EFBC}") = "Minimum Deletions to Make Character Frequencies Unique", "Minimum Deletions to Make Character Frequencies Unique\Minimum Deletions to Make Character Frequencies Unique.csproj", "{8920026E-D4EC-4368-AA0C-212148085974}"
EndProject
Global
	GlobalSection(SolutionConfigurationPlatforms) = preSolution
		Debug|Any CPU = Debug|Any CPU
		Release|Any CPU = Release|Any CPU
	EndGlobalSection
	GlobalSection(ProjectConfigurationPlatforms) = postSolution
		{8920026E-D4EC-4368-AA0C-212148085974}.Debug|Any CPU.ActiveCfg = Debug|Any CPU
		{8920026E-D4EC-4368-AA0C-212148085974}.Debug|Any CPU.Build.0 = Debug|Any CPU
		{8920026E-D4EC-4368-AA0C-212148085974}.Release|Any CPU.ActiveCfg = Release|Any CPU
		{8920026E-D4EC-4368-AA0C-212148085974}.Release|Any CPU.Build.0 = Release|Any CPU
	EndGlobalSection
	GlobalSection(SolutionProperties) = preSolution
		HideSolutionNode = FALSE
	EndGlobalSection
	GlobalSection(ExtensibilityGlobals) = postSolution
		SolutionGuid = {C82ED495-9923-4919-9DFE-B6AD05A31790}
	EndGlobalSection
EndGlobal
